
Microsoft Visual Studio Solution File, Format Version 12.00
# Visual Studio 15
Project("{FAE04EC0-301F-11D3-BF4B-00C04F79EFBC}") = "Unity.Timeline", "Unity.Timeline.csproj", "{4E2FEB8F-A60F-7014-1C70-181F676C22D5}"
EndProject
Project("{FAE04EC0-301F-11D3-BF4B-00C04F79EFBC}") = "Unity.InputSystem", "Unity.InputSystem.csproj", "{DCC70C07-6E56-5A07-26C2-18729311A547}"
EndProject
Project("{FAE04EC0-301F-11D3-BF4B-00C04F79EFBC}") = "Unity.VisualScripting.Flow", "Unity.VisualScripting.Flow.csproj", "{1439BC00-0642-E0A9-EB4C-01BA0D775410}"
EndProject
Project("{FAE04EC0-301F-11D3-BF4B-00C04F79EFBC}") = "Unity.Timeline.Editor", "Unity.Timeline.Editor.csproj", "{8D748D21-8674-1C64-A224-2D9563C44CA1}"
EndProject
Project("{FAE04EC0-301F-11D3-BF4B-00C04F79EFBC}") = "Unity.PlasticSCM.Editor", "Unity.PlasticSCM.Editor.csproj", "{D1D2EC2A-5D56-DB41-5484-DA61EFDC93A5}"
EndProject
Project("{FAE04EC0-301F-11D3-BF4B-00C04F79EFBC}") = "Unity.Splines.Editor", "Unity.Splines.Editor.csproj", "{942B7162-765C-A518-7D44-16E190C2EE9D}"
EndProject
Project("{FAE04EC0-301F-11D3-BF4B-00C04F79EFBC}") = "Unity.Mathematics", "Unity.Mathematics.csproj", "{F8EE77D8-0A68-5EA8-BA0E-66E0E6D062C6}"
EndProject
Project("{FAE04EC0-301F-11D3-BF4B-00C04F79EFBC}") = "Unity.Cinemachine.Editor", "Unity.Cinemachine.Editor.csproj", "{FA2ED44F-81C1-D1AB-6467-4BFBA8A9B829}"
EndProject
Project("{FAE04EC0-301F-11D3-BF4B-00C04F79EFBC}") = "Unity.VisualScripting.Core.Editor", "Unity.VisualScripting.Core.Editor.csproj", "{80204FC7-21EE-4DEF-FE79-57A510068F4C}"
EndProject
Project("{FAE04EC0-301F-11D3-BF4B-00C04F79EFBC}") = "UnityEditor.TestRunner", "UnityEditor.TestRunner.csproj", "{3F114A58-78AE-A73C-7A8D-51A1070EB26A}"
EndProject
Project("{FAE04EC0-301F-11D3-BF4B-00C04F79EFBC}") = "UnityEngine.TestRunner", "UnityEngine.TestRunner.csproj", "{22D76170-3CF4-FC01-D589-D7F33A1CDAB9}"
EndProject
Project("{FAE04EC0-301F-11D3-BF4B-00C04F79EFBC}") = "Unity.VisualScripting.Core", "Unity.VisualScripting.Core.csproj", "{B3892857-629F-FEB8-5329-A491B544613C}"
EndProject
Project("{FAE04EC0-301F-11D3-BF4B-00C04F79EFBC}") = "Unity.VisualScripting.Flow.Editor", "Unity.VisualScripting.Flow.Editor.csproj", "{6FA1EF83-DA05-6F4B-36CF-68377DC99371}"
EndProject
Project("{FAE04EC0-301F-11D3-BF4B-00C04F79EFBC}") = "Unity.VisualStudio.Editor", "Unity.VisualStudio.Editor.csproj", "{19D9C212-E304-6B63-C2B8-44821BB56555}"
EndProject
Project("{FAE04EC0-301F-11D3-BF4B-00C04F79EFBC}") = "Unity.TestTools.CodeCoverage.Editor.OpenCover.Model", "Unity.TestTools.CodeCoverage.Editor.OpenCover.Model.csproj", "{2D9B4D69-6F51-0C1E-23A6-6F1456168223}"
EndProject
Project("{FAE04EC0-301F-11D3-BF4B-00C04F79EFBC}") = "Unity.Rider.Editor", "Unity.Rider.Editor.csproj", "{8767E212-1BFA-7DC9-E440-E74CEF3085B0}"
EndProject
Project("{FAE04EC0-301F-11D3-BF4B-00C04F79EFBC}") = "Unity.Cinemachine", "Unity.Cinemachine.csproj", "{8EE512BE-C54B-6089-BF3F-879697534E6B}"
EndProject
Project("{FAE04EC0-301F-11D3-BF4B-00C04F79EFBC}") = "Unity.VisualScripting.State.Editor", "Unity.VisualScripting.State.Editor.csproj", "{D78D8608-A41E-68F6-19A9-4AEE509674E4}"
EndProject
Project("{FAE04EC0-301F-11D3-BF4B-00C04F79EFBC}") = "Unity.TestTools.CodeCoverage.Editor", "Unity.TestTools.CodeCoverage.Editor.csproj", "{A9D1E1EB-EBA3-8C10-3600-8C8060144264}"
EndProject
Project("{FAE04EC0-301F-11D3-BF4B-00C04F79EFBC}") = "Unity.VisualScripting.State", "Unity.VisualScripting.State.csproj", "{E2DE38EC-D64E-B5B8-E339-4A1ED682439F}"
EndProject
Project("{FAE04EC0-301F-11D3-BF4B-00C04F79EFBC}") = "Unity.Splines", "Unity.Splines.csproj", "{9DBF23CD-0174-3874-741A-B72A9B3956C4}"
EndProject
Project("{FAE04EC0-301F-11D3-BF4B-00C04F79EFBC}") = "Unity.Performance.Profile-Analyzer.Editor", "Unity.Performance.Profile-Analyzer.Editor.csproj", "{99720128-EF3D-FD28-A0FF-0F43FE84EF31}"
EndProject
Project("{FAE04EC0-301F-11D3-BF4B-00C04F79EFBC}") = "Unity.VisualScripting.SettingsProvider.Editor", "Unity.VisualScripting.SettingsProvider.Editor.csproj", "{4D1377A1-3594-14D1-EEFE-BAC061E743D5}"
EndProject
Project("{FAE04EC0-301F-11D3-BF4B-00C04F79EFBC}") = "Unity.TestTools.CodeCoverage.Editor.OpenCover.Mono.Reflection", "Unity.TestTools.CodeCoverage.Editor.OpenCover.Mono.Reflection.csproj", "{0F7E2BC3-1633-7A58-38DE-64493E147A51}"
EndProject
Project("{FAE04EC0-301F-11D3-BF4B-00C04F79EFBC}") = "Unity.Settings.Editor", "Unity.Settings.Editor.csproj", "{CFA3CFA0-881D-38AD-FDC8-0A3E85308156}"
EndProject
Project("{FAE04EC0-301F-11D3-BF4B-00C04F79EFBC}") = "Unity.InputSystem.ForUI", "Unity.InputSystem.ForUI.csproj", "{DA138A8A-4D6C-2D59-A701-6F10EB2B22BF}"
EndProject
Project("{FAE04EC0-301F-11D3-BF4B-00C04F79EFBC}") = "Unity.Mathematics.Editor", "Unity.Mathematics.Editor.csproj", "{38CFF6F3-E68D-5758-CA1F-30DE82EE6174}"
EndProject
Project("{FAE04EC0-301F-11D3-BF4B-00C04F79EFBC}") = "Unity.InputSystem.TestFramework", "Unity.InputSystem.TestFramework.csproj", "{F8D28326-F88D-F467-65F2-725CED1201E8}"
EndProject
Project("{FAE04EC0-301F-11D3-BF4B-00C04F79EFBC}") = "Unity.VisualScripting.Shared.Editor", "Unity.VisualScripting.Shared.Editor.csproj", "{DF439382-56BC-B308-800E-44D65F9066BD}"
EndProject
Project("{FAE04EC0-301F-11D3-BF4B-00C04F79EFBC}") = "Unity.EditorCoroutines.Editor", "Unity.EditorCoroutines.Editor.csproj", "{A6F4C096-453F-2788-8115-FD02BE23258E}"
EndProject
Project("{FAE04EC0-301F-11D3-BF4B-00C04F79EFBC}") = "Assembly-CSharp", "Assembly-CSharp.csproj", "{43E5406A-08FF-1EC1-5667-B73F75441826}"
EndProject
Project("{FAE04EC0-301F-11D3-BF4B-00C04F79EFBC}") = "Unity.CollabProxy.Editor", "Unity.CollabProxy.Editor.csproj", "{11D5B788-E223-11B2-1D6C-F281F9045E62}"
EndProject
Global
	GlobalSection(SolutionConfigurationPlatforms) = preSolution
		Debug|Any CPU = Debug|Any CPU
		Release|Any CPU = Release|Any CPU
	EndGlobalSection
	GlobalSection(ProjectConfigurationPlatforms) = postSolution
		{4E2FEB8F-A60F-7014-1C70-181F676C22D5}.Debug|Any CPU.ActiveCfg = Debug|Any CPU
		{4E2FEB8F-A60F-7014-1C70-181F676C22D5}.Debug|Any CPU.Build.0 = Debug|Any CPU
		{4E2FEB8F-A60F-7014-1C70-181F676C22D5}.Release|Any CPU.ActiveCfg = Release|Any CPU
		{4E2FEB8F-A60F-7014-1C70-181F676C22D5}.Release|Any CPU.Build.0 = Release|Any CPU
		{DCC70C07-6E56-5A07-26C2-18729311A547}.Debug|Any CPU.ActiveCfg = Debug|Any CPU
		{DCC70C07-6E56-5A07-26C2-18729311A547}.Debug|Any CPU.Build.0 = Debug|Any CPU
		{DCC70C07-6E56-5A07-26C2-18729311A547}.Release|Any CPU.ActiveCfg = Release|Any CPU
		{DCC70C07-6E56-5A07-26C2-18729311A547}.Release|Any CPU.Build.0 = Release|Any CPU
		{1439BC00-0642-E0A9-EB4C-01BA0D775410}.Debug|Any CPU.ActiveCfg = Debug|Any CPU
		{1439BC00-0642-E0A9-EB4C-01BA0D775410}.Debug|Any CPU.Build.0 = Debug|Any CPU
		{1439BC00-0642-E0A9-EB4C-01BA0D775410}.Release|Any CPU.ActiveCfg = Release|Any CPU
		{1439BC00-0642-E0A9-EB4C-01BA0D775410}.Release|Any CPU.Build.0 = Release|Any CPU
		{8D748D21-8674-1C64-A224-2D9563C44CA1}.Debug|Any CPU.ActiveCfg = Debug|Any CPU
		{8D748D21-8674-1C64-A224-2D9563C44CA1}.Debug|Any CPU.Build.0 = Debug|Any CPU
		{8D748D21-8674-1C64-A224-2D9563C44CA1}.Release|Any CPU.ActiveCfg = Release|Any CPU
		{8D748D21-8674-1C64-A224-2D9563C44CA1}.Release|Any CPU.Build.0 = Release|Any CPU
		{D1D2EC2A-5D56-DB41-5484-DA61EFDC93A5}.Debug|Any CPU.ActiveCfg = Debug|Any CPU
		{D1D2EC2A-5D56-DB41-5484-DA61EFDC93A5}.Debug|Any CPU.Build.0 = Debug|Any CPU
		{D1D2EC2A-5D56-DB41-5484-DA61EFDC93A5}.Release|Any CPU.ActiveCfg = Release|Any CPU
		{D1D2EC2A-5D56-DB41-5484-DA61EFDC93A5}.Release|Any CPU.Build.0 = Release|Any CPU
		{942B7162-765C-A518-7D44-16E190C2EE9D}.Debug|Any CPU.ActiveCfg = Debug|Any CPU
		{942B7162-765C-A518-7D44-16E190C2EE9D}.Debug|Any CPU.Build.0 = Debug|Any CPU
		{942B7162-765C-A518-7D44-16E190C2EE9D}.Release|Any CPU.ActiveCfg = Release|Any CPU
		{942B7162-765C-A518-7D44-16E190C2EE9D}.Release|Any CPU.Build.0 = Release|Any CPU
		{F8EE77D8-0A68-5EA8-BA0E-66E0E6D062C6}.Debug|Any CPU.ActiveCfg = Debug|Any CPU
		{F8EE77D8-0A68-5EA8-BA0E-66E0E6D062C6}.Debug|Any CPU.Build.0 = Debug|Any CPU
		{F8EE77D8-0A68-5EA8-BA0E-66E0E6D062C6}.Release|Any CPU.ActiveCfg = Release|Any CPU
		{F8EE77D8-0A68-5EA8-BA0E-66E0E6D062C6}.Release|Any CPU.Build.0 = Release|Any CPU
		{FA2ED44F-81C1-D1AB-6467-4BFBA8A9B829}.Debug|Any CPU.ActiveCfg = Debug|Any CPU
		{FA2ED44F-81C1-D1AB-6467-4BFBA8A9B829}.Debug|Any CPU.Build.0 = Debug|Any CPU
		{FA2ED44F-81C1-D1AB-6467-4BFBA8A9B829}.Release|Any CPU.ActiveCfg = Release|Any CPU
		{FA2ED44F-81C1-D1AB-6467-4BFBA8A9B829}.Release|Any CPU.Build.0 = Release|Any CPU
		{80204FC7-21EE-4DEF-FE79-57A510068F4C}.Debug|Any CPU.ActiveCfg = Debug|Any CPU
		{80204FC7-21EE-4DEF-FE79-57A510068F4C}.Debug|Any CPU.Build.0 = Debug|Any CPU
		{80204FC7-21EE-4DEF-FE79-57A510068F4C}.Release|Any CPU.ActiveCfg = Release|Any CPU
		{80204FC7-21EE-4DEF-FE79-57A510068F4C}.Release|Any CPU.Build.0 = Release|Any CPU
		{3F114A58-78AE-A73C-7A8D-51A1070EB26A}.Debug|Any CPU.ActiveCfg = Debug|Any CPU
		{3F114A58-78AE-A73C-7A8D-51A1070EB26A}.Debug|Any CPU.Build.0 = Debug|Any CPU
		{3F114A58-78AE-A73C-7A8D-51A1070EB26A}.Release|Any CPU.ActiveCfg = Release|Any CPU
		{3F114A58-78AE-A73C-7A8D-51A1070EB26A}.Release|Any CPU.Build.0 = Release|Any CPU
		{22D76170-3CF4-FC01-D589-D7F33A1CDAB9}.Debug|Any CPU.ActiveCfg = Debug|Any CPU
		{22D76170-3CF4-FC01-D589-D7F33A1CDAB9}.Debug|Any CPU.Build.0 = Debug|Any CPU
		{22D76170-3CF4-FC01-D589-D7F33A1CDAB9}.Release|Any CPU.ActiveCfg = Release|Any CPU
		{22D76170-3CF4-FC01-D589-D7F33A1CDAB9}.Release|Any CPU.Build.0 = Release|Any CPU
		{B3892857-629F-FEB8-5329-A491B544613C}.Debug|Any CPU.ActiveCfg = Debug|Any CPU
		{B3892857-629F-FEB8-5329-A491B544613C}.Debug|Any CPU.Build.0 = Debug|Any CPU
		{B3892857-629F-FEB8-5329-A491B544613C}.Release|Any CPU.ActiveCfg = Release|Any CPU
		{B3892857-629F-FEB8-5329-A491B544613C}.Release|Any CPU.Build.0 = Release|Any CPU
		{6FA1EF83-DA05-6F4B-36CF-68377DC99371}.Debug|Any CPU.ActiveCfg = Debug|Any CPU
		{6FA1EF83-DA05-6F4B-36CF-68377DC99371}.Debug|Any CPU.Build.0 = Debug|Any CPU
		{6FA1EF83-DA05-6F4B-36CF-68377DC99371}.Release|Any CPU.ActiveCfg = Release|Any CPU
		{6FA1EF83-DA05-6F4B-36CF-68377DC99371}.Release|Any CPU.Build.0 = Release|Any CPU
		{19D9C212-E304-6B63-C2B8-44821BB56555}.Debug|Any CPU.ActiveCfg = Debug|Any CPU
		{19D9C212-E304-6B63-C2B8-44821BB56555}.Debug|Any CPU.Build.0 = Debug|Any CPU
		{19D9C212-E304-6B63-C2B8-44821BB56555}.Release|Any CPU.ActiveCfg = Release|Any CPU
		{19D9C212-E304-6B63-C2B8-44821BB56555}.Release|Any CPU.Build.0 = Release|Any CPU
		{2D9B4D69-6F51-0C1E-23A6-6F1456168223}.Debug|Any CPU.ActiveCfg = Debug|Any CPU
		{2D9B4D69-6F51-0C1E-23A6-6F1456168223}.Debug|Any CPU.Build.0 = Debug|Any CPU
		{2D9B4D69-6F51-0C1E-23A6-6F1456168223}.Release|Any CPU.ActiveCfg = Release|Any CPU
		{2D9B4D69-6F51-0C1E-23A6-6F1456168223}.Release|Any CPU.Build.0 = Release|Any CPU
		{8767E212-1BFA-7DC9-E440-E74CEF3085B0}.Debug|Any CPU.ActiveCfg = Debug|Any CPU
		{8767E212-1BFA-7DC9-E440-E74CEF3085B0}.Debug|Any CPU.Build.0 = Debug|Any CPU
		{8767E212-1BFA-7DC9-E440-E74CEF3085B0}.Release|Any CPU.ActiveCfg = Release|Any CPU
		{8767E212-1BFA-7DC9-E440-E74CEF3085B0}.Release|Any CPU.Build.0 = Release|Any CPU
		{8EE512BE-C54B-6089-BF3F-879697534E6B}.Debug|Any CPU.ActiveCfg = Debug|Any CPU
		{8EE512BE-C54B-6089-BF3F-879697534E6B}.Debug|Any CPU.Build.0 = Debug|Any CPU
		{8EE512BE-C54B-6089-BF3F-879697534E6B}.Release|Any CPU.ActiveCfg = Release|Any CPU
		{8EE512BE-C54B-6089-BF3F-879697534E6B}.Release|Any CPU.Build.0 = Release|Any CPU
		{D78D8608-A41E-68F6-19A9-4AEE509674E4}.Debug|Any CPU.ActiveCfg = Debug|Any CPU
		{D78D8608-A41E-68F6-19A9-4AEE509674E4}.Debug|Any CPU.Build.0 = Debug|Any CPU
		{D78D8608-A41E-68F6-19A9-4AEE509674E4}.Release|Any CPU.ActiveCfg = Release|Any CPU
		{D78D8608-A41E-68F6-19A9-4AEE509674E4}.Release|Any CPU.Build.0 = Release|Any CPU
		{A9D1E1EB-EBA3-8C10-3600-8C8060144264}.Debug|Any CPU.ActiveCfg = Debug|Any CPU
		{A9D1E1EB-EBA3-8C10-3600-8C8060144264}.Debug|Any CPU.Build.0 = Debug|Any CPU
		{A9D1E1EB-EBA3-8C10-3600-8C8060144264}.Release|Any CPU.ActiveCfg = Release|Any CPU
		{A9D1E1EB-EBA3-8C10-3600-8C8060144264}.Release|Any CPU.Build.0 = Release|Any CPU
		{E2DE38EC-D64E-B5B8-E339-4A1ED682439F}.Debug|Any CPU.ActiveCfg = Debug|Any CPU
		{E2DE38EC-D64E-B5B8-E339-4A1ED682439F}.Debug|Any CPU.Build.0 = Debug|Any CPU
		{E2DE38EC-D64E-B5B8-E339-4A1ED682439F}.Release|Any CPU.ActiveCfg = Release|Any CPU
		{E2DE38EC-D64E-B5B8-E339-4A1ED682439F}.Release|Any CPU.Build.0 = Release|Any CPU
		{9DBF23CD-0174-3874-741A-B72A9B3956C4}.Debug|Any CPU.ActiveCfg = Debug|Any CPU
		{9DBF23CD-0174-3874-741A-B72A9B3956C4}.Debug|Any CPU.Build.0 = Debug|Any CPU
		{9DBF23CD-0174-3874-741A-B72A9B3956C4}.Release|Any CPU.ActiveCfg = Release|Any CPU
		{9DBF23CD-0174-3874-741A-B72A9B3956C4}.Release|Any CPU.Build.0 = Release|Any CPU
		{99720128-EF3D-FD28-A0FF-0F43FE84EF31}.Debug|Any CPU.ActiveCfg = Debug|Any CPU
		{99720128-EF3D-FD28-A0FF-0F43FE84EF31}.Debug|Any CPU.Build.0 = Debug|Any CPU
		{99720128-EF3D-FD28-A0FF-0F43FE84EF31}.Release|Any CPU.ActiveCfg = Release|Any CPU
		{99720128-EF3D-FD28-A0FF-0F43FE84EF31}.Release|Any CPU.Build.0 = Release|Any CPU
		{4D1377A1-3594-14D1-EEFE-BAC061E743D5}.Debug|Any CPU.ActiveCfg = Debug|Any CPU
		{4D1377A1-3594-14D1-EEFE-BAC061E743D5}.Debug|Any CPU.Build.0 = Debug|Any CPU
		{4D1377A1-3594-14D1-EEFE-BAC061E743D5}.Release|Any CPU.ActiveCfg = Release|Any CPU
		{4D1377A1-3594-14D1-EEFE-BAC061E743D5}.Release|Any CPU.Build.0 = Release|Any CPU
		{0F7E2BC3-1633-7A58-38DE-64493E147A51}.Debug|Any CPU.ActiveCfg = Debug|Any CPU
		{0F7E2BC3-1633-7A58-38DE-64493E147A51}.Debug|Any CPU.Build.0 = Debug|Any CPU
		{0F7E2BC3-1633-7A58-38DE-64493E147A51}.Release|Any CPU.ActiveCfg = Release|Any CPU
		{0F7E2BC3-1633-7A58-38DE-64493E147A51}.Release|Any CPU.Build.0 = Release|Any CPU
		{CFA3CFA0-881D-38AD-FDC8-0A3E85308156}.Debug|Any CPU.ActiveCfg = Debug|Any CPU
		{CFA3CFA0-881D-38AD-FDC8-0A3E85308156}.Debug|Any CPU.Build.0 = Debug|Any CPU
		{CFA3CFA0-881D-38AD-FDC8-0A3E85308156}.Release|Any CPU.ActiveCfg = Release|Any CPU
		{CFA3CFA0-881D-38AD-FDC8-0A3E85308156}.Release|Any CPU.Build.0 = Release|Any CPU
		{DA138A8A-4D6C-2D59-A701-6F10EB2B22BF}.Debug|Any CPU.ActiveCfg = Debug|Any CPU
		{DA138A8A-4D6C-2D59-A701-6F10EB2B22BF}.Debug|Any CPU.Build.0 = Debug|Any CPU
		{DA138A8A-4D6C-2D59-A701-6F10EB2B22BF}.Release|Any CPU.ActiveCfg = Release|Any CPU
		{DA138A8A-4D6C-2D59-A701-6F10EB2B22BF}.Release|Any CPU.Build.0 = Release|Any CPU
		{38CFF6F3-E68D-5758-CA1F-30DE82EE6174}.Debug|Any CPU.ActiveCfg = Debug|Any CPU
		{38CFF6F3-E68D-5758-CA1F-30DE82EE6174}.Debug|Any CPU.Build.0 = Debug|Any CPU
		{38CFF6F3-E68D-5758-CA1F-30DE82EE6174}.Release|Any CPU.ActiveCfg = Release|Any CPU
		{38CFF6F3-E68D-5758-CA1F-30DE82EE6174}.Release|Any CPU.Build.0 = Release|Any CPU
		{F8D28326-F88D-F467-65F2-725CED1201E8}.Debug|Any CPU.ActiveCfg = Debug|Any CPU
		{F8D28326-F88D-F467-65F2-725CED1201E8}.Debug|Any CPU.Build.0 = Debug|Any CPU
		{F8D28326-F88D-F467-65F2-725CED1201E8}.Release|Any CPU.ActiveCfg = Release|Any CPU
		{F8D28326-F88D-F467-65F2-725CED1201E8}.Release|Any CPU.Build.0 = Release|Any CPU
		{DF439382-56BC-B308-800E-44D65F9066BD}.Debug|Any CPU.ActiveCfg = Debug|Any CPU
		{DF439382-56BC-B308-800E-44D65F9066BD}.Debug|Any CPU.Build.0 = Debug|Any CPU
		{DF439382-56BC-B308-800E-44D65F9066BD}.Release|Any CPU.ActiveCfg = Release|Any CPU
		{DF439382-56BC-B308-800E-44D65F9066BD}.Release|Any CPU.Build.0 = Release|Any CPU
		{A6F4C096-453F-2788-8115-FD02BE23258E}.Debug|Any CPU.ActiveCfg = Debug|Any CPU
		{A6F4C096-453F-2788-8115-FD02BE23258E}.Debug|Any CPU.Build.0 = Debug|Any CPU
		{A6F4C096-453F-2788-8115-FD02BE23258E}.Release|Any CPU.ActiveCfg = Release|Any CPU
		{A6F4C096-453F-2788-8115-FD02BE23258E}.Release|Any CPU.Build.0 = Release|Any CPU
		{43E5406A-08FF-1EC1-5667-B73F75441826}.Debug|Any CPU.ActiveCfg = Debug|Any CPU
		{43E5406A-08FF-1EC1-5667-B73F75441826}.Debug|Any CPU.Build.0 = Debug|Any CPU
		{43E5406A-08FF-1EC1-5667-B73F75441826}.Release|Any CPU.ActiveCfg = Release|Any CPU
		{43E5406A-08FF-1EC1-5667-B73F75441826}.Release|Any CPU.Build.0 = Release|Any CPU
		{11D5B788-E223-11B2-1D6C-F281F9045E62}.Debug|Any CPU.ActiveCfg = Debug|Any CPU
		{11D5B788-E223-11B2-1D6C-F281F9045E62}.Debug|Any CPU.Build.0 = Debug|Any CPU
		{11D5B788-E223-11B2-1D6C-F281F9045E62}.Release|Any CPU.ActiveCfg = Release|Any CPU
		{11D5B788-E223-11B2-1D6C-F281F9045E62}.Release|Any CPU.Build.0 = Release|Any CPU
	EndGlobalSection
	GlobalSection(SolutionProperties) = preSolution
		HideSolutionNode = FALSE
	EndGlobalSection
EndGlobal
